
Microsoft Visual Studio Solution File, Format Version 12.00
# Visual Studio 14
VisualStudioVersion = 14.0.25420.1
MinimumVisualStudioVersion = 10.0.40219.1
Project("{FAE04EC0-301F-11D3-BF4B-00C04F79EFBC}") = "InstaKiller.Test", "InstaKiller.Test\InstaKiller.Test.csproj", "{5C4E01B0-64D2-46D6-B79D-6051207E7D2E}"
EndProject
Project("{2150E333-8FDC-42A3-9474-1A3956D46DE8}") = "Tests", "Tests", "{C2AC26B4-979F-463B-9214-CFA1775D8167}"
EndProject
Project("{FAE04EC0-301F-11D3-BF4B-00C04F79EFBC}") = "InstaKiller.DataLayer.Sql", "InstaKiller.DataLayer.Sql\InstaKiller.DataLayer.Sql.csproj", "{E53066E6-F1E9-437B-9F4B-9F4E9A7E6282}"
EndProject
Project("{FAE04EC0-301F-11D3-BF4B-00C04F79EFBC}") = "InstaKiller.Model", "InstaKiller.Model\InstaKiller.Model.csproj", "{738B6AEB-8E6D-44CA-937C-06D7BBD6E7BB}"
EndProject
Project("{FAE04EC0-301F-11D3-BF4B-00C04F79EFBC}") = "InstaKiller.Api", "InstaKiller.Api\InstaKiller.Api.csproj", "{90E15751-DDBF-4E9D-88EF-9DBC46E4A465}"
EndProject
Project("{FAE04EC0-301F-11D3-BF4B-00C04F79EFBC}") = "InstaKiller.Log", "InstaKiller.Log\InstaKiller.Log.csproj", "{32BAF282-5A1C-42C6-A6FF-80F67ED34B28}"
EndProject
Project("{2150E333-8FDC-42A3-9474-1A3956D46DE8}") = "Backend", "Backend", "{C79ECC68-E278-4D21-987C-79CA24EDDBF9}"
EndProject
Project("{2150E333-8FDC-42A3-9474-1A3956D46DE8}") = "Frontend", "Frontend", "{C98B0E20-B936-48CB-9EAA-B254CEF43401}"
EndProject
Project("{2150E333-8FDC-42A3-9474-1A3956D46DE8}") = "Common", "Common", "{C1A25C7E-16BA-4E5E-BF38-3F0C25E11148}"
EndProject
Project("{FAE04EC0-301F-11D3-BF4B-00C04F79EFBC}") = "InstaKiller.Services", "InstaKiller.Services\InstaKiller.Services.csproj", "{F792CC19-C72C-42C3-BAC0-50D8654D0BFF}"
EndProject
Project("{FAE04EC0-301F-11D3-BF4B-00C04F79EFBC}") = "InstaKiller.Wpf", "InstaKiller.Wpf\InstaKiller.Wpf.csproj", "{E3AC9B3E-BAC8-4BCE-9A5F-62F3B18B0890}"
EndProject
Global
	GlobalSection(SolutionConfigurationPlatforms) = preSolution
		Debug|Any CPU = Debug|Any CPU
		Release|Any CPU = Release|Any CPU
	EndGlobalSection
	GlobalSection(ProjectConfigurationPlatforms) = postSolution
		{5C4E01B0-64D2-46D6-B79D-6051207E7D2E}.Debug|Any CPU.ActiveCfg = Debug|Any CPU
		{5C4E01B0-64D2-46D6-B79D-6051207E7D2E}.Debug|Any CPU.Build.0 = Debug|Any CPU
		{5C4E01B0-64D2-46D6-B79D-6051207E7D2E}.Release|Any CPU.ActiveCfg = Release|Any CPU
		{5C4E01B0-64D2-46D6-B79D-6051207E7D2E}.Release|Any CPU.Build.0 = Release|Any CPU
		{E53066E6-F1E9-437B-9F4B-9F4E9A7E6282}.Debug|Any CPU.ActiveCfg = Debug|Any CPU
		{E53066E6-F1E9-437B-9F4B-9F4E9A7E6282}.Debug|Any CPU.Build.0 = Debug|Any CPU
		{E53066E6-F1E9-437B-9F4B-9F4E9A7E6282}.Release|Any CPU.ActiveCfg = Release|Any CPU
		{E53066E6-F1E9-437B-9F4B-9F4E9A7E6282}.Release|Any CPU.Build.0 = Release|Any CPU
		{738B6AEB-8E6D-44CA-937C-06D7BBD6E7BB}.Debug|Any CPU.ActiveCfg = Debug|Any CPU
		{738B6AEB-8E6D-44CA-937C-06D7BBD6E7BB}.Debug|Any CPU.Build.0 = Debug|Any CPU
		{738B6AEB-8E6D-44CA-937C-06D7BBD6E7BB}.Release|Any CPU.ActiveCfg = Release|Any CPU
		{738B6AEB-8E6D-44CA-937C-06D7BBD6E7BB}.Release|Any CPU.Build.0 = Release|Any CPU
		{90E15751-DDBF-4E9D-88EF-9DBC46E4A465}.Debug|Any CPU.ActiveCfg = Debug|Any CPU
		{90E15751-DDBF-4E9D-88EF-9DBC46E4A465}.Debug|Any CPU.Build.0 = Debug|Any CPU
		{90E15751-DDBF-4E9D-88EF-9DBC46E4A465}.Release|Any CPU.ActiveCfg = Release|Any CPU
		{90E15751-DDBF-4E9D-88EF-9DBC46E4A465}.Release|Any CPU.Build.0 = Release|Any CPU
		{32BAF282-5A1C-42C6-A6FF-80F67ED34B28}.Debug|Any CPU.ActiveCfg = Debug|Any CPU
		{32BAF282-5A1C-42C6-A6FF-80F67ED34B28}.Debug|Any CPU.Build.0 = Debug|Any CPU
		{32BAF282-5A1C-42C6-A6FF-80F67ED34B28}.Release|Any CPU.ActiveCfg = Release|Any CPU
		{32BAF282-5A1C-42C6-A6FF-80F67ED34B28}.Release|Any CPU.Build.0 = Release|Any CPU
		{F792CC19-C72C-42C3-BAC0-50D8654D0BFF}.Debug|Any CPU.ActiveCfg = Debug|Any CPU
		{F792CC19-C72C-42C3-BAC0-50D8654D0BFF}.Debug|Any CPU.Build.0 = Debug|Any CPU
		{F792CC19-C72C-42C3-BAC0-50D8654D0BFF}.Release|Any CPU.ActiveCfg = Release|Any CPU
		{F792CC19-C72C-42C3-BAC0-50D8654D0BFF}.Release|Any CPU.Build.0 = Release|Any CPU
		{E3AC9B3E-BAC8-4BCE-9A5F-62F3B18B0890}.Debug|Any CPU.ActiveCfg = Debug|Any CPU
		{E3AC9B3E-BAC8-4BCE-9A5F-62F3B18B0890}.Debug|Any CPU.Build.0 = Debug|Any CPU
		{E3AC9B3E-BAC8-4BCE-9A5F-62F3B18B0890}.Release|Any CPU.ActiveCfg = Release|Any CPU
		{E3AC9B3E-BAC8-4BCE-9A5F-62F3B18B0890}.Release|Any CPU.Build.0 = Release|Any CPU
	EndGlobalSection
	GlobalSection(SolutionProperties) = preSolution
		HideSolutionNode = FALSE
	EndGlobalSection
	GlobalSection(NestedProjects) = preSolution
		{5C4E01B0-64D2-46D6-B79D-6051207E7D2E} = {C2AC26B4-979F-463B-9214-CFA1775D8167}
		{E53066E6-F1E9-437B-9F4B-9F4E9A7E6282} = {C79ECC68-E278-4D21-987C-79CA24EDDBF9}
		{738B6AEB-8E6D-44CA-937C-06D7BBD6E7BB} = {C1A25C7E-16BA-4E5E-BF38-3F0C25E11148}
		{90E15751-DDBF-4E9D-88EF-9DBC46E4A465} = {C79ECC68-E278-4D21-987C-79CA24EDDBF9}
		{F792CC19-C72C-42C3-BAC0-50D8654D0BFF} = {C79ECC68-E278-4D21-987C-79CA24EDDBF9}
		{E3AC9B3E-BAC8-4BCE-9A5F-62F3B18B0890} = {C98B0E20-B936-48CB-9EAA-B254CEF43401}
	EndGlobalSection
EndGlobal
